[[package]]
name = "etlua"
version = "1.3.0-1"
kind = "lib"
source_hash = "b3:2d48b441ec25716ff0c3e663f40219a6623ce7a3e90e4dbcfabf8d3e028576f3"
recipe_hash = "b3:4ed1352307d122c43956cdfca0d2f402e56cacb21d81d08345aeba02ef62785b"
artifact_hash = "b3:277ef06fedf514826749577547a138cdd2e60c0e39484b681199a18c8df43f97"
runtime = "5.1"
lua_abi = "5.1"
target = "native"
constellation = "default"
source = "https://luarocks.org/etlua-1.3.0-1.src.rock"
source_kind = "luarocks_src_rock"
source_payload = "sources/etlua-1.3.0-1.src.rock"
rockspec = "https://luarocks.org/etlua-1.3.0-1.rockspec"
rockspec_hash = "b3:493a586d7f61cc1fdc7962f894a5faea3760e73573080f3d5df8084b147e2592"
rockspec_payload = "sources/etlua-1.3.0-1.rockspec"
resolver = "store"
roles = ["runtime"]

[[package]]
name = "lua-cjson"
version = "2.1.0.9-1"
kind = "bin"
source_hash = "b3:76c0a7fa2755e3deb0d3d353b6a114a2e8c04c21a325f73f2d5c3fac0812abb6"
recipe_hash = "b3:7b8e3f189ad0677489ea72cf0ed896818953b6d04c35c8f61e743cc35acc73c2"
artifact_hash = "b3:7dcbddd47e668de7a27cf93438b01520d253027518761a594c6559225efd597b"
runtime = "5.1"
lua_abi = "5.1"
target = "native"
constellation = "default"
source = "https://luarocks.org/lua-cjson-2.1.0.9-1.src.rock"
source_kind = "luarocks_src_rock"
source_payload = "sources/lua-cjson-2.1.0.9-1.src.rock"
rockspec = "https://luarocks.org/lua-cjson-2.1.0.9-1.rockspec"
rockspec_hash = "b3:dcec38732360f9bb591887f3eec9f9a3431f3a5e35ee89abf205228593942440"
rockspec_payload = "sources/lua-cjson-2.1.0.9-1.rockspec"
resolver = "store"
roles = ["runtime"]

[[package]]
name = "LuaSocket"
version = "3.1.0-1"
kind = "lib"
source_hash = "b3:e68b7a5e944a5818bf2f58a5738d67015762014350e8f593cd485cb0dc0c92d2"
recipe_hash = "b3:eee7cc9c4759033b020621b1dcf63aae95ea35e90a692b2f4a6d38df720a5483"
artifact_hash = "b3:8b9cb7dda62138892f1ae580a070f5fd82bed9fd27ab9ace506b71ba3fa2de63"
runtime = "5.1"
lua_abi = "5.1"
target = "native"
constellation = "default"
source = "https://luarocks.org/luasocket-3.1.0-1.src.rock"
source_kind = "luarocks_src_rock"
source_payload = "sources/luasocket-3.1.0-1.src.rock"
rockspec = "https://luarocks.org/luasocket-3.1.0-1.rockspec"
rockspec_hash = "b3:e082d05375b476a27db971772958c36b1ee2b8da78ca0cdf7aa8c30b5d51f702"
rockspec_payload = "sources/luasocket-3.1.0-1.rockspec"
resolver = "store"

[[package]]
name = "turbo"
version = "2.1-1"
kind = "lib"
source_hash = "b3:20ff26e5955737057851cd37622b3dd91dd5f043107d70bc29f694d8b22cb629"
recipe_hash = "b3:489acf50fec018b4d7ff76479683b7042e3486964caed559dcd8091fed5ce512"
artifact_hash = "b3:b17a90f971c90f87a1a74a59b58db8eb5455f3ce7bc11d6235042a3b48d948fa"
runtime = "5.1"
lua_abi = "5.1"
target = "native"
constellation = "default"
source = "https://github.com/kernelsauce/turbo/archive/refs/tags/v2.1.1.tar.gz"
source_kind = "upstream_archive"
source_payload = "sources/turbo-2.1-1.tar.gz"
rockspec = "https://luarocks.org/turbo-2.1-1.rockspec"
rockspec_hash = "b3:bb60031f866d5f61bfc5b7cc4370524c6667537e6069979d7405ac8d6e0f3cdb"
rockspec_payload = "sources/turbo-2.1-1.rockspec"
resolver = "store"
roles = ["runtime"]

[[package]]
name = "LuaSQL-SQLite3"
version = "2.8.0-1"
kind = "lib"
source_hash = "b3:e9b180f15e2b5738df47a32ad78ef905333e1114a17c726a0d3078cddf8bc342"
recipe_hash = "b3:49cc03bea5d97f04f6541ea516fae5e2910595c19fc10856272bdfbc985d0701"
artifact_hash = "b3:224fc0ce8f97ea24f5f2652782f0dc632e06bb0a91fa538c4d26c7b885c18378"
runtime = "5.1"
lua_abi = "5.1"
target = "native"
constellation = "default"
source = "https://luarocks.org/luasql-sqlite3-2.8.0-1.src.rock"
source_kind = "luarocks_src_rock"
source_payload = "sources/luasql-sqlite3-2.8.0-1.src.rock"
rockspec = "https://luarocks.org/luasql-sqlite3-2.8.0-1.rockspec"
rockspec_hash = "b3:5c78326f7f0306d100d88fc7f99dec6d65027a8e54694adcd2941f38824391f9"
rockspec_payload = "sources/luasql-sqlite3-2.8.0-1.rockspec"
resolver = "store"
