[[package]]
name = "etlua"
version = "1.3.0-1"
kind = "lib"
source_hash = "b3:2d48b441ec25716ff0c3e663f40219a6623ce7a3e90e4dbcfabf8d3e028576f3"
recipe_hash = "b3:4ed1352307d122c43956cdfca0d2f402e56cacb21d81d08345aeba02ef62785b"
artifact_hash = "b3:277ef06fedf514826749577547a138cdd2e60c0e39484b681199a18c8df43f97"
runtime = "5.1"
lua_abi = "5.1"
target = "native"
constellation = "default"
source = "https://luarocks.org/etlua-1.3.0-1.src.rock"
source_kind = "luarocks_src_rock"
source_payload = "sources/etlua-1.3.0-1.src.rock"
rockspec = "https://luarocks.org/etlua-1.3.0-1.rockspec"
rockspec_hash = "b3:493a586d7f61cc1fdc7962f894a5faea3760e73573080f3d5df8084b147e2592"
rockspec_payload = "sources/etlua-1.3.0-1.rockspec"
resolver = "store"
roles = ["runtime"]

[[package]]
name = "lua-cjson"
version = "2.1.0.9-1"
kind = "bin"
source_hash = "b3:76c0a7fa2755e3deb0d3d353b6a114a2e8c04c21a325f73f2d5c3fac0812abb6"
recipe_hash = "b3:7b8e3f189ad0677489ea72cf0ed896818953b6d04c35c8f61e743cc35acc73c2"
artifact_hash = "b3:7dcbddd47e668de7a27cf93438b01520d253027518761a594c6559225efd597b"
runtime = "5.1"
lua_abi = "5.1"
target = "native"
constellation = "default"
source = "https://luarocks.org/lua-cjson-2.1.0.9-1.src.rock"
source_kind = "luarocks_src_rock"
source_payload = "sources/lua-cjson-2.1.0.9-1.src.rock"
rockspec = "https://luarocks.org/lua-cjson-2.1.0.9-1.rockspec"
rockspec_hash = "b3:dcec38732360f9bb591887f3eec9f9a3431f3a5e35ee89abf205228593942440"
rockspec_payload = "sources/lua-cjson-2.1.0.9-1.rockspec"
resolver = "store"
roles = ["runtime"]

[[package]]
name = "http"
version = "0.4-0"
kind = "lib"
source_hash = "b3:d92adfcfd71fd419f824ec713c94f56894ed28156ea7f9ec798132fb0e02dcf8"
recipe_hash = "b3:3cf372d76467fdf7d6f02c5cc950fc4e58c921a3f652cb0621ae88e1b9a1decd"
artifact_hash = "b3:6651f3afd8461d0b9f82593a8126c5b813ebad9e21dcf41b9966289014292166"
runtime = "5.1"
lua_abi = "5.1"
target = "native"
constellation = "default"
source = "https://luarocks.org/http-0.4-0.src.rock"
source_kind = "luarocks_src_rock"
source_payload = "sources/http-0.4-0.src.rock"
rockspec = "https://luarocks.org/http-0.4-0.rockspec"
rockspec_hash = "b3:1431ef4f5a475ab61883a02aa38d143f121d4bef23f878788d4d53c5c7c688b5"
rockspec_payload = "sources/http-0.4-0.rockspec"
resolver = "store"
roles = ["runtime"]

[[package]]
name = "cqueues"
version = "20200726.51-0"
kind = "lib"
source_hash = "b3:6b0e236927fccb2e2fbba704ed0e25578172f9e43c83c48d60df4c9265fcc2d7"
recipe_hash = "b3:307eae918f550569f245f20f3f437f41d70971e7912f04c3ced1c1157d566047"
artifact_hash = "b3:5048bd470aebd37770335af21d186fd44ca4b8e1e4b55cbc1f29ba1a43ffe5e1"
runtime = "5.1"
lua_abi = "5.1"
target = "native"
constellation = "default"
source = "https://luarocks.org/cqueues-20200726.51-0.src.rock"
source_kind = "luarocks_src_rock"
source_payload = "sources/cqueues-20200726.51-0.src.rock"
rockspec = "https://luarocks.org/cqueues-20200726.51-0.rockspec"
rockspec_hash = "b3:42ae9b59520227be3f3c679b17787e438886f0f6149d80eebf5812f560fba9b4"
rockspec_payload = "sources/cqueues-20200726.51-0.rockspec"
resolver = "store"
roles = ["runtime"]

[[package]]
name = "fifo"
version = "0.2-0"
kind = "lib"
source_hash = "b3:024ba1c195d7700f05299ecc6a9cba76ca1f6eacf876e111ecca4d670366faab"
recipe_hash = "b3:85bbf1f53c0d01703a045274cda61715c3860ce86022707c76aff30b39e00a7e"
artifact_hash = "b3:7db93d55a5605d9702ef55419f04d4004cfa94d068203cb192a7e3b8b3fb076c"
runtime = "5.1"
lua_abi = "5.1"
target = "native"
constellation = "default"
source = "https://luarocks.org/fifo-0.2-0.src.rock"
source_kind = "luarocks_src_rock"
source_payload = "sources/fifo-0.2-0.src.rock"
rockspec = "https://luarocks.org/fifo-0.2-0.rockspec"
rockspec_hash = "b3:d4b64851cd77df773008e9693825e620520ca4cd5245ba521a4984aa02488a96"
rockspec_payload = "sources/fifo-0.2-0.rockspec"
resolver = "store"
roles = ["runtime"]

[[package]]
name = "binaryheap"
version = "0.4-1"
kind = "lib"
source_hash = "b3:7c04def911b56d5ab9da26335335a618db7ae293e59adddbd7dc372f9497dc40"
recipe_hash = "b3:d548af726ce07648c55d6ce8d686a868feb0029ff27eeb470628295ef269b45b"
artifact_hash = "b3:9ccd319d86d3eb5da2c46bc04205a1b15b5967ae049579e1060cb859be60ae81"
runtime = "5.1"
lua_abi = "5.1"
target = "native"
constellation = "default"
source = "https://luarocks.org/binaryheap-0.4-1.src.rock"
source_kind = "luarocks_src_rock"
source_payload = "sources/binaryheap-0.4-1.src.rock"
rockspec = "https://luarocks.org/binaryheap-0.4-1.rockspec"
rockspec_hash = "b3:6ebd3d004f9e4276d8690cdf323065fff595e5a7085137b68e8d0e49684aa782"
rockspec_payload = "sources/binaryheap-0.4-1.rockspec"
resolver = "store"
roles = ["runtime"]

[[package]]
name = "lpeg_patterns"
version = "0.5-0"
kind = "lib"
source_hash = "b3:5e3db8d2370adc004420192bc959dc1a2fedfa469579dc5e163e71552731c522"
recipe_hash = "b3:03f78ac486a442f79a73dd3aea76125fd94f045de8f5c80321088428df37785e"
artifact_hash = "b3:0e7824c1b5223a7535d88015d5274b656338607b0ce033f97e704803fe223a69"
runtime = "5.1"
lua_abi = "5.1"
target = "native"
constellation = "default"
source = "https://luarocks.org/lpeg_patterns-0.5-0.src.rock"
source_kind = "luarocks_src_rock"
source_payload = "sources/lpeg_patterns-0.5-0.src.rock"
rockspec = "https://luarocks.org/lpeg_patterns-0.5-0.rockspec"
rockspec_hash = "b3:66bb79a257866826f3e78a3b21dcaad9d62a0afc4425cc89c516e607a37399e3"
rockspec_payload = "sources/lpeg_patterns-0.5-0.rockspec"
resolver = "store"
roles = ["runtime"]

[[package]]
name = "LPeg"
version = "1.1.0-1"
kind = "lib"
source_hash = "b3:b0dfec9a65f166af86918b1ed89f16ae8cdf436d2ac603b92bddc50746d3824f"
recipe_hash = "b3:efff10553e8a91b72a562a07e3745ef947e65c800564629683c712336433ccf1"
artifact_hash = "b3:c5013a1a1b65f4eddc2a79614ae0cd08dafbd59da901781091c24beccb59fce3"
runtime = "5.1"
lua_abi = "5.1"
target = "native"
constellation = "default"
source = "https://luarocks.org/lpeg-1.1.0-1.src.rock"
source_kind = "luarocks_src_rock"
source_payload = "sources/lpeg-1.1.0-1.src.rock"
rockspec = "https://luarocks.org/lpeg-1.1.0-1.rockspec"
rockspec_hash = "b3:9cce5e634592c38237d4c215cb6fb681488bc4f0012063a477167241f7e30614"
rockspec_payload = "sources/lpeg-1.1.0-1.rockspec"
resolver = "store"

[[package]]
name = "basexx"
version = "0.4.1-1"
kind = "lib"
source_hash = "b3:3250185cc7f17b6e9e2dfe1b946c0775b2f3e408caf1454d4ff5e203c0e068ce"
recipe_hash = "b3:613d29e640514e50f7076819d469d51f44b872e0f2b89e9df01fcf00f648ef68"
artifact_hash = "b3:4f4e3b5e020e68c54e55f8c05d20255fd26192a2fb669a46e9420bbe6edc5148"
runtime = "5.1"
lua_abi = "5.1"
target = "native"
constellation = "default"
source = "https://luarocks.org/basexx-0.4.1-1.src.rock"
source_kind = "luarocks_src_rock"
source_payload = "sources/basexx-0.4.1-1.src.rock"
rockspec = "https://luarocks.org/basexx-0.4.1-1.rockspec"
rockspec_hash = "b3:070f4594929f02b38127f01a69d824af09a356bf03773ec1cbe4a7b3a70c1834"
rockspec_payload = "sources/basexx-0.4.1-1.rockspec"
resolver = "store"
roles = ["runtime"]

[[package]]
name = "luaossl"
version = "20250929-0"
kind = "lib"
source_hash = "b3:f5d0d989225ce19d379bfd8bc51bafa11f54d4fafae208b11fd7c5d519f8bdcc"
recipe_hash = "b3:329aeb7399f4880cfdadd130a30ea7ca5d6ca6324e72296593fb5e8a4ea08eb3"
artifact_hash = "b3:41f58429618192a44f4d6daeb7506abbca95eb116c18c734bdc4a9fabfa885fb"
runtime = "5.1"
lua_abi = "5.1"
target = "native"
constellation = "default"
source = "https://luarocks.org/luaossl-20250929-0.src.rock"
source_kind = "luarocks_src_rock"
source_payload = "sources/luaossl-20250929-0.src.rock"
rockspec = "https://luarocks.org/luaossl-20250929-0.rockspec"
rockspec_hash = "b3:7faf83705fc80cb3c3ca40128d14fe04160c900ce442ace3d55af6ee67a67267"
rockspec_payload = "sources/luaossl-20250929-0.rockspec"
resolver = "store"
roles = ["runtime"]

[[package]]
name = "lapis"
version = "1.9.0-1"
kind = "bin"
source_hash = "b3:03fc9f1174e8122d3203efa8dc441621c6543df756512fc348ced7393a4489d1"
recipe_hash = "b3:c5f948a89f203fd720bb91ef01635a83f44ceecc59927442142e282cf4e0a035"
artifact_hash = "b3:4ba10e5db175103ea621689ea046d07a99393fffe51d66cc1e846c57092f14e4"
runtime = "5.1"
lua_abi = "5.1"
target = "native"
constellation = "default"
source = "https://luarocks.org/lapis-1.9.0-1.src.rock"
source_kind = "luarocks_src_rock"
source_payload = "sources/lapis-1.9.0-1.src.rock"
rockspec = "https://luarocks.org/lapis-1.9.0-1.rockspec"
rockspec_hash = "b3:80f8d9c2be2fd97b4c5dc87f10439c7182321b6287d02a07a15f0e84d7d730cf"
rockspec_payload = "sources/lapis-1.9.0-1.rockspec"
resolver = "store"
roles = ["runtime"]

[[package]]
name = "bit32"
version = "5.3.5-1"
kind = "lib"
source_hash = "b3:7307861cea61d6e8c0a2584bd7df018f1ae2dd2c34a1ba309f2ae87bedd3b8cd"
recipe_hash = "b3:72a8bba1a87f767660b5d35706c4d607d9e98048f18c28d5aadcb42efb124904"
artifact_hash = "b3:355f11645f81f9b4f69bae246615df56857265642095ab3dc82e9e21402169b6"
runtime = "5.1"
lua_abi = "5.1"
target = "native"
constellation = "default"
source = "https://luarocks.org/bit32-5.3.5-1.src.rock"
source_kind = "luarocks_src_rock"
source_payload = "sources/bit32-5.3.5-1.src.rock"
rockspec = "https://luarocks.org/bit32-5.3.5-1.rockspec"
rockspec_hash = "b3:15c478b350d33bc4db1f2aed88fbb1881b048f7a83bbfa5a66be1351aa027c47"
rockspec_payload = "sources/bit32-5.3.5-1.rockspec"
resolver = "store"
roles = ["runtime"]

[[package]]
name = "compat53"
version = "0.14.4-1"
kind = "lib"
source_hash = "b3:bc41612af0c79ceecd9cadd1285adfc834282b682148b90c88d8d9a21ad00be2"
recipe_hash = "b3:60b3c08c8f773d09ff74972d49bfb2acc277f6965cfdd39312a8b12bfaff77aa"
artifact_hash = "b3:8932eab9aa50264067c3aa51ddaac7f6bc152340bd58a6db87a1c6712784d0bb"
runtime = "5.1"
lua_abi = "5.1"
target = "native"
constellation = "default"
source = "https://luarocks.org/compat53-0.14.4-1.src.rock"
source_kind = "luarocks_src_rock"
source_payload = "sources/compat53-0.14.4-1.src.rock"
rockspec = "https://luarocks.org/compat53-0.14.4-1.rockspec"
rockspec_hash = "b3:b0e3a0b166b495d4268bef9078bca2258d25d7b416c551518a3ab2fc28dc5972"
rockspec_payload = "sources/compat53-0.14.4-1.rockspec"
resolver = "store"
roles = ["runtime"]

[[package]]
name = "ansicolors"
version = "1.0.2-1"
kind = "lib"
source_hash = "b3:fa1d2cc8828e6872540a2104f81b64a114c05b9be44b0530dfab4185f4bfb5e8"
recipe_hash = "b3:a655807b802b3c8a4a4551a0f4eefa430fc5a5dbe68ca63400d3b9547bafc54d"
artifact_hash = "b3:5c6907ad278163439b6c1da02ca090dc5307c70ca9c676d9297ac65e8ec37e1f"
runtime = "5.1"
lua_abi = "5.1"
target = "native"
constellation = "default"
source = "https://luarocks.org/ansicolors-1.0.2-1.src.rock"
source_kind = "luarocks_src_rock"
source_payload = "sources/ansicolors-1.0.2-1.src.rock"
rockspec = "https://luarocks.org/ansicolors-1.0.2-1.rockspec"
rockspec_hash = "b3:77a53b82d8282a7a4d592d06ba892cd7714da4ec4f156bef770bf65579c37253"
rockspec_payload = "sources/ansicolors-1.0.2-1.rockspec"
resolver = "store"
roles = ["runtime"]

[[package]]
name = "pgmoon"
version = "1.17.0-1"
kind = "lib"
source_hash = "b3:77f42445c7f867707f1bbf480bf220be9876dafa6cf6e6c30961805afcddeec5"
recipe_hash = "b3:c2d9ef31e25745f47f280a6422617485455b310ed2ab0f4f16b503f1fdcf2a36"
artifact_hash = "b3:b414db151d691f4409014982d4cc463a884325f7d0816d650922ef479cd5f088"
runtime = "5.1"
lua_abi = "5.1"
target = "native"
constellation = "default"
source = "https://luarocks.org/pgmoon-1.17.0-1.src.rock"
source_kind = "luarocks_src_rock"
source_payload = "sources/pgmoon-1.17.0-1.src.rock"
rockspec = "https://luarocks.org/pgmoon-1.17.0-1.rockspec"
rockspec_hash = "b3:ee9d42f4ecbc6120f3c7cd1515577233a77a6a275d9f94b5e1f27ac38ee9481c"
rockspec_payload = "sources/pgmoon-1.17.0-1.rockspec"
resolver = "store"
roles = ["runtime"]

[[package]]
name = "LuaSocket"
version = "3.1.0-1"
kind = "lib"
source_hash = "b3:e68b7a5e944a5818bf2f58a5738d67015762014350e8f593cd485cb0dc0c92d2"
recipe_hash = "b3:eee7cc9c4759033b020621b1dcf63aae95ea35e90a692b2f4a6d38df720a5483"
artifact_hash = "b3:8b9cb7dda62138892f1ae580a070f5fd82bed9fd27ab9ace506b71ba3fa2de63"
runtime = "5.1"
lua_abi = "5.1"
target = "native"
constellation = "default"
source = "https://luarocks.org/luasocket-3.1.0-1.src.rock"
source_kind = "luarocks_src_rock"
source_payload = "sources/luasocket-3.1.0-1.src.rock"
rockspec = "https://luarocks.org/luasocket-3.1.0-1.rockspec"
rockspec_hash = "b3:e082d05375b476a27db971772958c36b1ee2b8da78ca0cdf7aa8c30b5d51f702"
rockspec_payload = "sources/luasocket-3.1.0-1.rockspec"
resolver = "store"

[[package]]
name = "luafilesystem"
version = "1.9.0-1"
kind = "lib"
source_hash = "b3:eb045fcb85b41313935a69e25e12a1a473dbc7c216debdb86ce57845d23b12c0"
recipe_hash = "b3:65e352af1e6ccf6129cb003a1df25fb357863ad060524090a80d27f0bfa43f6a"
artifact_hash = "b3:c58cb6b2e3880a64bc0dbdf14c848055eb3e33fb1d6e0f481977859f8c66e4ca"
runtime = "5.1"
lua_abi = "5.1"
target = "native"
constellation = "default"
source = "https://luarocks.org/luafilesystem-1.9.0-1.src.rock"
source_kind = "luarocks_src_rock"
source_payload = "sources/luafilesystem-1.9.0-1.src.rock"
rockspec = "https://luarocks.org/luafilesystem-1.9.0-1.rockspec"
rockspec_hash = "b3:fca860b1ab21280b1e1c2b8419dc5c552a80ec7d93e11a5359e18d2023d400e9"
rockspec_payload = "sources/luafilesystem-1.9.0-1.rockspec"
resolver = "store"
roles = ["runtime"]

[[package]]
name = "loadkit"
version = "1.1.0-1"
kind = "lib"
source_hash = "b3:e89b96a33798f49668adb7818c1534b14c7f56835fe66d2b740545004cb03f9e"
recipe_hash = "b3:d7af6d9af3d0823745b91b65c7540031091f071461cbce045aa043ae3f23c74b"
artifact_hash = "b3:8a1f5ac2cdb12a8facd792d81f22eaad4494a753fad416ab76c083a3ad0526da"
runtime = "5.1"
lua_abi = "5.1"
target = "native"
constellation = "default"
source = "https://luarocks.org/loadkit-1.1.0-1.src.rock"
source_kind = "luarocks_src_rock"
source_payload = "sources/loadkit-1.1.0-1.src.rock"
rockspec = "https://luarocks.org/loadkit-1.1.0-1.rockspec"
rockspec_hash = "b3:549bd7455e124e7a631c1f85196c81caad977ff0522134a157358fe1b15b6ba4"
rockspec_payload = "sources/loadkit-1.1.0-1.rockspec"
resolver = "store"
roles = ["runtime"]

[[package]]
name = "date"
version = "2.2.1-1"
kind = "lib"
source_hash = "b3:81d48073edf0fe00a8c2b0abbc65dad337812a24bb4e1c54f489e9f1718ab186"
recipe_hash = "b3:bf91e800d2b369dd9ba96da00c8c00ac2cc16c1f9dbd8c68e8c8aa14a3de9313"
artifact_hash = "b3:46835ffc9803c0f66ad998065a4dfd893c3f8b952f728551a774a9538d30d6f9"
runtime = "5.1"
lua_abi = "5.1"
target = "native"
constellation = "default"
source = "https://luarocks.org/date-2.2.1-1.src.rock"
source_kind = "luarocks_src_rock"
source_payload = "sources/date-2.2.1-1.src.rock"
rockspec = "https://luarocks.org/date-2.2.1-1.rockspec"
rockspec_hash = "b3:b53f2612e547d3705daacc74fd565c3db0e69ee3fb1fe2356d74828a622370e7"
rockspec_payload = "sources/date-2.2.1-1.rockspec"
resolver = "store"
roles = ["runtime"]

[[package]]
name = "LuaSQL-SQLite3"
version = "2.8.0-1"
kind = "lib"
source_hash = "b3:e9b180f15e2b5738df47a32ad78ef905333e1114a17c726a0d3078cddf8bc342"
recipe_hash = "b3:49cc03bea5d97f04f6541ea516fae5e2910595c19fc10856272bdfbc985d0701"
artifact_hash = "b3:224fc0ce8f97ea24f5f2652782f0dc632e06bb0a91fa538c4d26c7b885c18378"
runtime = "5.1"
lua_abi = "5.1"
target = "native"
constellation = "default"
source = "https://luarocks.org/luasql-sqlite3-2.8.0-1.src.rock"
source_kind = "luarocks_src_rock"
source_payload = "sources/luasql-sqlite3-2.8.0-1.src.rock"
rockspec = "https://luarocks.org/luasql-sqlite3-2.8.0-1.rockspec"
rockspec_hash = "b3:5c78326f7f0306d100d88fc7f99dec6d65027a8e54694adcd2941f38824391f9"
rockspec_payload = "sources/luasql-sqlite3-2.8.0-1.rockspec"
resolver = "store"
