[[package]]
name = "etlua"
version = "1.3.0-1"
kind = "lib"
source_hash = "b3:2d48b441ec25716ff0c3e663f40219a6623ce7a3e90e4dbcfabf8d3e028576f3"
recipe_hash = "b3:12354758c3966edee67d278eaf1c823633965b9f7be04eecf1e95298954642e4"
artifact_hash = "b3:277ef06fedf514826749577547a138cdd2e60c0e39484b681199a18c8df43f97"
runtime = "5.1"
lua_abi = "5.1"
target = "native"
constellation = "default"
source = "https://luarocks.org/etlua-1.3.0-1.src.rock"
source_kind = "luarocks_src_rock"
source_payload = "sources/etlua-1.3.0-1.src.rock"
rockspec = "https://luarocks.org/etlua-1.3.0-1.rockspec"
rockspec_hash = "b3:493a586d7f61cc1fdc7962f894a5faea3760e73573080f3d5df8084b147e2592"
rockspec_payload = "sources/etlua-1.3.0-1.rockspec"
resolver = "store"
roles = ["runtime"]

[[package]]
name = "lua-cjson"
version = "2.1.0-1"
kind = "bin"
source_hash = "b3:1fc27f12350d9d52a04a506c90a2710e904b1b3ca0f6d60a45bd7ff71c766e56"
recipe_hash = "b3:8a790ebe12663e8c2dda21d6435e19450b49bf23b32ab9ae114a47fdef002a25"
artifact_hash = "b3:70a10797b688bf99124e36a17e3217b2c7ce904e910622041c9742e46e8fb246"
runtime = "5.1"
lua_abi = "5.1"
target = "native"
constellation = "default"
source = "https://luarocks.org/lua-cjson-2.1.0-1.src.rock"
source_kind = "luarocks_src_rock"
source_payload = "sources/lua-cjson-2.1.0-1.src.rock"
rockspec = "https://luarocks.org/lua-cjson-2.1.0-1.rockspec"
rockspec_hash = "b3:aa2b302205b3a4e9c4192f5b5d4307e1a660978356ff805a98cca567b951c5c9"
rockspec_payload = "sources/lua-cjson-2.1.0-1.rockspec"
resolver = "store"
roles = ["runtime"]

[[package]]
name = "http"
version = "0.4-0"
kind = "lib"
source_hash = "b3:d92adfcfd71fd419f824ec713c94f56894ed28156ea7f9ec798132fb0e02dcf8"
recipe_hash = "b3:26f5c937f9e655f6aabcb1b18279dc3dac6ac92930f478c56e3bd22948d29d73"
artifact_hash = "b3:6651f3afd8461d0b9f82593a8126c5b813ebad9e21dcf41b9966289014292166"
runtime = "5.1"
lua_abi = "5.1"
target = "native"
constellation = "default"
source = "https://luarocks.org/http-0.4-0.src.rock"
source_kind = "luarocks_src_rock"
source_payload = "sources/http-0.4-0.src.rock"
rockspec = "https://luarocks.org/http-0.4-0.rockspec"
rockspec_hash = "b3:1431ef4f5a475ab61883a02aa38d143f121d4bef23f878788d4d53c5c7c688b5"
rockspec_payload = "sources/http-0.4-0.rockspec"
resolver = "store"
roles = ["runtime"]

[[package]]
name = "cqueues"
version = "20200726.51-0"
kind = "lib"
source_hash = "b3:6b0e236927fccb2e2fbba704ed0e25578172f9e43c83c48d60df4c9265fcc2d7"
recipe_hash = "b3:889354eddccbd018373ca71c312fbb457e65c11b9c8367cbce0aac1509305913"
artifact_hash = "b3:9149f757525de0046e18d376d4a3a0662451d023c3742a8c4cdd67ab629a8697"
runtime = "5.1"
lua_abi = "5.1"
target = "native"
constellation = "default"
source = "https://luarocks.org/cqueues-20200726.51-0.src.rock"
source_kind = "luarocks_src_rock"
source_payload = "sources/cqueues-20200726.51-0.src.rock"
rockspec = "https://luarocks.org/cqueues-20200726.51-0.rockspec"
rockspec_hash = "b3:42ae9b59520227be3f3c679b17787e438886f0f6149d80eebf5812f560fba9b4"
rockspec_payload = "sources/cqueues-20200726.51-0.rockspec"
resolver = "store"
roles = ["runtime"]

[[package]]
name = "fifo"
version = "0.2-0"
kind = "lib"
source_hash = "b3:024ba1c195d7700f05299ecc6a9cba76ca1f6eacf876e111ecca4d670366faab"
recipe_hash = "b3:8302ac0bcef58cca24fd66178396caa9e32cab390d9beec6b4da37c0ddc6b347"
artifact_hash = "b3:7db93d55a5605d9702ef55419f04d4004cfa94d068203cb192a7e3b8b3fb076c"
runtime = "5.1"
lua_abi = "5.1"
target = "native"
constellation = "default"
source = "https://luarocks.org/fifo-0.2-0.src.rock"
source_kind = "luarocks_src_rock"
source_payload = "sources/fifo-0.2-0.src.rock"
rockspec = "https://luarocks.org/fifo-0.2-0.rockspec"
rockspec_hash = "b3:d4b64851cd77df773008e9693825e620520ca4cd5245ba521a4984aa02488a96"
rockspec_payload = "sources/fifo-0.2-0.rockspec"
resolver = "store"
roles = ["runtime"]

[[package]]
name = "binaryheap"
version = "0.4-1"
kind = "lib"
source_hash = "b3:7c04def911b56d5ab9da26335335a618db7ae293e59adddbd7dc372f9497dc40"
recipe_hash = "b3:26f4539bf8640a85230516daaa3f90afa8781fadf4e4c54e37e016b8dacbebfb"
artifact_hash = "b3:9ccd319d86d3eb5da2c46bc04205a1b15b5967ae049579e1060cb859be60ae81"
runtime = "5.1"
lua_abi = "5.1"
target = "native"
constellation = "default"
source = "https://luarocks.org/binaryheap-0.4-1.src.rock"
source_kind = "luarocks_src_rock"
source_payload = "sources/binaryheap-0.4-1.src.rock"
rockspec = "https://luarocks.org/binaryheap-0.4-1.rockspec"
rockspec_hash = "b3:6ebd3d004f9e4276d8690cdf323065fff595e5a7085137b68e8d0e49684aa782"
rockspec_payload = "sources/binaryheap-0.4-1.rockspec"
resolver = "store"
roles = ["runtime"]

[[package]]
name = "lpeg_patterns"
version = "0.5-0"
kind = "lib"
source_hash = "b3:5e3db8d2370adc004420192bc959dc1a2fedfa469579dc5e163e71552731c522"
recipe_hash = "b3:424e58eb126a788c4ead3c6282a014a60f0ed1873c6411490ee5ce72d8862de9"
artifact_hash = "b3:0e7824c1b5223a7535d88015d5274b656338607b0ce033f97e704803fe223a69"
runtime = "5.1"
lua_abi = "5.1"
target = "native"
constellation = "default"
source = "https://luarocks.org/lpeg_patterns-0.5-0.src.rock"
source_kind = "luarocks_src_rock"
source_payload = "sources/lpeg_patterns-0.5-0.src.rock"
rockspec = "https://luarocks.org/lpeg_patterns-0.5-0.rockspec"
rockspec_hash = "b3:66bb79a257866826f3e78a3b21dcaad9d62a0afc4425cc89c516e607a37399e3"
rockspec_payload = "sources/lpeg_patterns-0.5-0.rockspec"
resolver = "store"
roles = ["runtime"]

[[package]]
name = "LPeg"
version = "1.1.0-2"
kind = "lib"
source_hash = "b3:cd2f11defbb02baef845a4d87f174cc1e8eb2f74a4531d315c2cef3099e87631"
recipe_hash = "b3:6259339b54b447ca8a73cd78ff7b9c77b5cbb01289fb9bba56211a15c6e31b48"
artifact_hash = "b3:d528c5be563f6f451c4ea614cfc61ba92fd62dc23c37584c593f0ae571f2b62f"
runtime = "5.1"
lua_abi = "5.1"
target = "native"
constellation = "default"
source = "https://luarocks.org/lpeg-1.1.0-2.src.rock"
source_kind = "luarocks_src_rock"
source_payload = "sources/lpeg-1.1.0-2.src.rock"
rockspec = "https://luarocks.org/lpeg-1.1.0-2.rockspec"
rockspec_hash = "b3:19c24adf073e165761fed891fd9cdf6c2cd8ff8894a23b142232aa675f8c46ed"
rockspec_payload = "sources/lpeg-1.1.0-2.rockspec"
resolver = "store"

[[package]]
name = "basexx"
version = "0.4.1-1"
kind = "lib"
source_hash = "b3:3250185cc7f17b6e9e2dfe1b946c0775b2f3e408caf1454d4ff5e203c0e068ce"
recipe_hash = "b3:822f2a296eb940bb0670528135a8d4c4a8bb75312a6a5c1b84f76a0fbdc27325"
artifact_hash = "b3:4f4e3b5e020e68c54e55f8c05d20255fd26192a2fb669a46e9420bbe6edc5148"
runtime = "5.1"
lua_abi = "5.1"
target = "native"
constellation = "default"
source = "https://luarocks.org/basexx-0.4.1-1.src.rock"
source_kind = "luarocks_src_rock"
source_payload = "sources/basexx-0.4.1-1.src.rock"
rockspec = "https://luarocks.org/basexx-0.4.1-1.rockspec"
rockspec_hash = "b3:070f4594929f02b38127f01a69d824af09a356bf03773ec1cbe4a7b3a70c1834"
rockspec_payload = "sources/basexx-0.4.1-1.rockspec"
resolver = "store"
roles = ["runtime"]

[[package]]
name = "luaossl"
version = "20250929-0"
kind = "lib"
source_hash = "b3:f5d0d989225ce19d379bfd8bc51bafa11f54d4fafae208b11fd7c5d519f8bdcc"
recipe_hash = "b3:4b6d72fa5ee90ed2be8919b22a1244b3d52edd0a12286d74fb303bec690d9aa1"
artifact_hash = "b3:cf2aa8db55931e9aed550d58eb5ddffb4bc3b5a0af6742eeebba0a1bcaf23bc3"
runtime = "5.1"
lua_abi = "5.1"
target = "native"
constellation = "default"
source = "https://luarocks.org/luaossl-20250929-0.src.rock"
source_kind = "luarocks_src_rock"
source_payload = "sources/luaossl-20250929-0.src.rock"
rockspec = "https://luarocks.org/luaossl-20250929-0.rockspec"
rockspec_hash = "b3:7faf83705fc80cb3c3ca40128d14fe04160c900ce442ace3d55af6ee67a67267"
rockspec_payload = "sources/luaossl-20250929-0.rockspec"
resolver = "store"
roles = ["runtime"]

[[package]]
name = "lapis"
version = "1.18.0-1"
kind = "bin"
source_hash = "b3:730fec74d2f356242ae12f624ba305b96a996169f57baf9e883e8403c29c1dc5"
recipe_hash = "b3:85ba5e216eaa454dbd50a56981e81db9b6e9c108e0d03d3be7f240519e4db4a2"
artifact_hash = "b3:38388d98fd11495c1f52fd8315ca8b129f6aa968f8a4236f3e15921549d51839"
runtime = "5.1"
lua_abi = "5.1"
target = "native"
constellation = "default"
source = "https://luarocks.org/lapis-1.18.0-1.src.rock"
source_kind = "luarocks_src_rock"
source_payload = "sources/lapis-1.18.0-1.src.rock"
rockspec = "https://luarocks.org/lapis-1.18.0-1.rockspec"
rockspec_hash = "b3:ebcce5a5896a47ebd7be126e85182e1e5788a701192dd4d365a7944972dd72ae"
rockspec_payload = "sources/lapis-1.18.0-1.rockspec"
resolver = "store"
roles = ["runtime"]

[[package]]
name = "bit32"
version = "5.3.5-1"
kind = "lib"
source_hash = "b3:7307861cea61d6e8c0a2584bd7df018f1ae2dd2c34a1ba309f2ae87bedd3b8cd"
recipe_hash = "b3:9128409a1e1649a755ac6fdaf7b1fd7cf72b4b73322eb1338f0461475e97fef2"
artifact_hash = "b3:778fe3d72b3027d36a3b946a2e5ec9c896d3ff1c8a6328bb47b008ba7c1308fc"
runtime = "5.1"
lua_abi = "5.1"
target = "native"
constellation = "default"
source = "https://luarocks.org/bit32-5.3.5-1.src.rock"
source_kind = "luarocks_src_rock"
source_payload = "sources/bit32-5.3.5-1.src.rock"
rockspec = "https://luarocks.org/bit32-5.3.5-1.rockspec"
rockspec_hash = "b3:15c478b350d33bc4db1f2aed88fbb1881b048f7a83bbfa5a66be1351aa027c47"
rockspec_payload = "sources/bit32-5.3.5-1.rockspec"
resolver = "store"
roles = ["runtime"]

[[package]]
name = "compat53"
version = "0.15.1-1"
kind = "lib"
source_hash = "b3:c853dcd2ab8be92ce38e0db3b08abb5805f6858e7cdc80905c7048e57dac99a8"
recipe_hash = "b3:530a076ab139dc1eb84d3969c10e0cd2afc0de96d344f0a65b3d38b58b2293ad"
artifact_hash = "b3:dd541d3b4de1e776980074b146f98ecc07b4a3b0cc4b16e44f04da6864f559d6"
runtime = "5.1"
lua_abi = "5.1"
target = "native"
constellation = "default"
source = "https://luarocks.org/compat53-0.15.1-1.src.rock"
source_kind = "luarocks_src_rock"
source_payload = "sources/compat53-0.15.1-1.src.rock"
rockspec = "https://luarocks.org/compat53-0.15.1-1.rockspec"
rockspec_hash = "b3:b3b26e61da2a061a8b4b614210b55783ad1e194d74403e357253aae8d4a30a63"
rockspec_payload = "sources/compat53-0.15.1-1.rockspec"
resolver = "store"
roles = ["runtime"]

[[package]]
name = "ansicolors"
version = "1.0.2-1"
kind = "lib"
source_hash = "b3:fa1d2cc8828e6872540a2104f81b64a114c05b9be44b0530dfab4185f4bfb5e8"
recipe_hash = "b3:12fb958e864fa8bfef6033fa697af9dce5f53f0230b0d9932344d2949d97e25c"
artifact_hash = "b3:5c6907ad278163439b6c1da02ca090dc5307c70ca9c676d9297ac65e8ec37e1f"
runtime = "5.1"
lua_abi = "5.1"
target = "native"
constellation = "default"
source = "https://luarocks.org/ansicolors-1.0.2-1.src.rock"
source_kind = "luarocks_src_rock"
source_payload = "sources/ansicolors-1.0.2-1.src.rock"
rockspec = "https://luarocks.org/ansicolors-1.0.2-1.rockspec"
rockspec_hash = "b3:77a53b82d8282a7a4d592d06ba892cd7714da4ec4f156bef770bf65579c37253"
rockspec_payload = "sources/ansicolors-1.0.2-1.rockspec"
resolver = "store"
roles = ["runtime"]

[[package]]
name = "pgmoon"
version = "1.17.0-1"
kind = "lib"
source_hash = "b3:77f42445c7f867707f1bbf480bf220be9876dafa6cf6e6c30961805afcddeec5"
recipe_hash = "b3:0bfcb22ed191010d3907062a047c50d69d0bb655fb347907fffba1a6523d9214"
artifact_hash = "b3:b414db151d691f4409014982d4cc463a884325f7d0816d650922ef479cd5f088"
runtime = "5.1"
lua_abi = "5.1"
target = "native"
constellation = "default"
source = "https://luarocks.org/pgmoon-1.17.0-1.src.rock"
source_kind = "luarocks_src_rock"
source_payload = "sources/pgmoon-1.17.0-1.src.rock"
rockspec = "https://luarocks.org/pgmoon-1.17.0-1.rockspec"
rockspec_hash = "b3:ee9d42f4ecbc6120f3c7cd1515577233a77a6a275d9f94b5e1f27ac38ee9481c"
rockspec_payload = "sources/pgmoon-1.17.0-1.rockspec"
resolver = "store"
roles = ["runtime"]

[[package]]
name = "LuaSocket"
version = "3.1.0-1"
kind = "lib"
source_hash = "b3:e68b7a5e944a5818bf2f58a5738d67015762014350e8f593cd485cb0dc0c92d2"
recipe_hash = "b3:0c180bf24d6f7f97562359106c6ab03869751479d88a27c727934d645afe6f47"
artifact_hash = "b3:466d9c3750db657ee23d2b3c745ee9a642217e022c17a8b002a0a35836426350"
runtime = "5.1"
lua_abi = "5.1"
target = "native"
constellation = "default"
source = "https://luarocks.org/luasocket-3.1.0-1.src.rock"
source_kind = "luarocks_src_rock"
source_payload = "sources/luasocket-3.1.0-1.src.rock"
rockspec = "https://luarocks.org/luasocket-3.1.0-1.rockspec"
rockspec_hash = "b3:e082d05375b476a27db971772958c36b1ee2b8da78ca0cdf7aa8c30b5d51f702"
rockspec_payload = "sources/luasocket-3.1.0-1.rockspec"
resolver = "store"

[[package]]
name = "loadkit"
version = "1.1.0-1"
kind = "lib"
source_hash = "b3:e89b96a33798f49668adb7818c1534b14c7f56835fe66d2b740545004cb03f9e"
recipe_hash = "b3:fb236b092919c2289f8d673c565173386ab53bfb78d077177f0b8383d5cf9b4e"
artifact_hash = "b3:8a1f5ac2cdb12a8facd792d81f22eaad4494a753fad416ab76c083a3ad0526da"
runtime = "5.1"
lua_abi = "5.1"
target = "native"
constellation = "default"
source = "https://luarocks.org/loadkit-1.1.0-1.src.rock"
source_kind = "luarocks_src_rock"
source_payload = "sources/loadkit-1.1.0-1.src.rock"
rockspec = "https://luarocks.org/loadkit-1.1.0-1.rockspec"
rockspec_hash = "b3:549bd7455e124e7a631c1f85196c81caad977ff0522134a157358fe1b15b6ba4"
rockspec_payload = "sources/loadkit-1.1.0-1.rockspec"
resolver = "store"
roles = ["runtime"]

[[package]]
name = "date"
version = "2.2.1-2"
kind = "lib"
source_hash = "b3:a1e07fc0a39a620d8441101a118f1bd28c7593cf01a00d5d25d5d1bc8a63c638"
recipe_hash = "b3:d03ff4cd1a85fe9995abe2a4ecfd36bacec7efeda4d26da46160a8122760f1db"
artifact_hash = "b3:46835ffc9803c0f66ad998065a4dfd893c3f8b952f728551a774a9538d30d6f9"
runtime = "5.1"
lua_abi = "5.1"
target = "native"
constellation = "default"
source = "https://luarocks.org/date-2.2.1-2.src.rock"
source_kind = "luarocks_src_rock"
source_payload = "sources/date-2.2.1-2.src.rock"
rockspec = "https://luarocks.org/date-2.2.1-2.rockspec"
rockspec_hash = "b3:0774ec72e4a2f7094985788a269c6548a90042736df0a88ecf9ffcd17633f991"
rockspec_payload = "sources/date-2.2.1-2.rockspec"
resolver = "store"
roles = ["runtime"]

[[package]]
name = "argparse"
version = "0.7.2-1"
kind = "lib"
source_hash = "b3:1a8e6b4f38ef11f320d6bbdadabe162cf266355dfd70fb352aa3ec926cfec669"
recipe_hash = "b3:f150c9a4103da6760bed1e40ea6e49cc84e47048072130681bc639229f978c00"
artifact_hash = "b3:cc29c0f6b9c09e61b99d2ff5c118cac3bdd2dd95c40ae513e8fe79d9c9487b48"
runtime = "5.1"
lua_abi = "5.1"
target = "native"
constellation = "default"
source = "https://luarocks.org/argparse-0.7.2-1.src.rock"
source_kind = "luarocks_src_rock"
source_payload = "sources/argparse-0.7.2-1.src.rock"
rockspec = "https://luarocks.org/argparse-0.7.2-1.rockspec"
rockspec_hash = "b3:b52f9c08b02d84c24dd24ec634aa065992884eca49d3591c5bb231be7eae05ef"
rockspec_payload = "sources/argparse-0.7.2-1.rockspec"
resolver = "store"
roles = ["runtime"]

[[package]]
name = "LuaSQL-SQLite3"
version = "2.8.0-1"
kind = "lib"
source_hash = "b3:e9b180f15e2b5738df47a32ad78ef905333e1114a17c726a0d3078cddf8bc342"
recipe_hash = "b3:b92087955e91bd752ea75bdcbc613ea62c196dfd1ea9adc4d7d0179d431a4aec"
artifact_hash = "b3:2ad7381a23c41eb0f1f9c0c15005ee09c9706dd4c006a3c999a7f3b84f29ef25"
runtime = "5.1"
lua_abi = "5.1"
target = "native"
constellation = "default"
source = "https://luarocks.org/luasql-sqlite3-2.8.0-1.src.rock"
source_kind = "luarocks_src_rock"
source_payload = "sources/luasql-sqlite3-2.8.0-1.src.rock"
rockspec = "https://luarocks.org/luasql-sqlite3-2.8.0-1.rockspec"
rockspec_hash = "b3:5c78326f7f0306d100d88fc7f99dec6d65027a8e54694adcd2941f38824391f9"
rockspec_payload = "sources/luasql-sqlite3-2.8.0-1.rockspec"
resolver = "store"
