[[package]]
name = "etlua"
version = "1.3.0-1"
kind = "lib"
source_hash = "b3:2d48b441ec25716ff0c3e663f40219a6623ce7a3e90e4dbcfabf8d3e028576f3"
recipe_hash = "b3:fef348af6bfb25827f3c449e531294a50ddc29483155eb752231679cd5aaf9f7"
artifact_hash = "b3:2cfc672dcd468114b05af449833dc83168c3af6a086c33085cd234ef45ae389b"
runtime = "5.4"
lua_abi = "5.4"
target = "native"
constellation = "default"
source = "https://luarocks.org/etlua-1.3.0-1.src.rock"
source_kind = "luarocks_src_rock"
source_payload = "sources/etlua-1.3.0-1.src.rock"
rockspec = "https://luarocks.org/etlua-1.3.0-1.rockspec"
rockspec_hash = "b3:493a586d7f61cc1fdc7962f894a5faea3760e73573080f3d5df8084b147e2592"
rockspec_payload = "sources/etlua-1.3.0-1.rockspec"
resolver = "store"
roles = ["runtime"]

[[package]]
name = "lua-cjson"
version = "2.1.0.9-1"
kind = "bin"
source_hash = "b3:76c0a7fa2755e3deb0d3d353b6a114a2e8c04c21a325f73f2d5c3fac0812abb6"
recipe_hash = "b3:1217422562aa557c825529c3839a4063ede25b1c531326b7712c6b85855ec44a"
artifact_hash = "b3:9a78b9ac7e3db9e5070e795494ed5f5a738fa3641eb624633992aaa172fc1a2e"
runtime = "5.4"
lua_abi = "5.4"
target = "native"
constellation = "default"
source = "https://luarocks.org/lua-cjson-2.1.0.9-1.src.rock"
source_kind = "luarocks_src_rock"
source_payload = "sources/lua-cjson-2.1.0.9-1.src.rock"
rockspec = "https://luarocks.org/lua-cjson-2.1.0.9-1.rockspec"
rockspec_hash = "b3:dcec38732360f9bb591887f3eec9f9a3431f3a5e35ee89abf205228593942440"
rockspec_payload = "sources/lua-cjson-2.1.0.9-1.rockspec"
resolver = "store"
roles = ["runtime"]

[[package]]
name = "LuaSQL-SQLite3"
version = "2.8.0-1"
kind = "lib"
source_hash = "b3:e9b180f15e2b5738df47a32ad78ef905333e1114a17c726a0d3078cddf8bc342"
recipe_hash = "b3:157ca31e7bf4ca1500e5c66b5a165682c3efb1f11771fe98f46a3f505adcbac6"
artifact_hash = "b3:16b59804ab096febc48a7b14ec62b3ae89f341982f513b09ceaccef1f4f1eeaf"
runtime = "5.4"
lua_abi = "5.4"
target = "native"
constellation = "default"
source = "https://luarocks.org/luasql-sqlite3-2.8.0-1.src.rock"
source_kind = "luarocks_src_rock"
source_payload = "sources/luasql-sqlite3-2.8.0-1.src.rock"
rockspec = "https://luarocks.org/luasql-sqlite3-2.8.0-1.rockspec"
rockspec_hash = "b3:5c78326f7f0306d100d88fc7f99dec6d65027a8e54694adcd2941f38824391f9"
rockspec_payload = "sources/luasql-sqlite3-2.8.0-1.rockspec"
resolver = "store"
