lockfile_version = 3

[[realization]]
realization_hash = "b3:9d00185b40021ec3ff5b46a9cf7c3b7b918f3b83ed4aa1d52f1d056088c0a9c6"
name = "moonstone/lua"
version = "5.4.9"
kind = "runtime"
recipe_hash = "b3:9ddef3514e834e33889eccd8b8526e6aa458749bdf5cd7a9b5063276257c50e4"
artifact_hash = "b3:39bfa29bd95756b038e2f42deb93e325b9f7f2b80951a5a66a0f1b5639ee50c7"
replay_mode = "artifact_only"
runtime = "moonstone/lua"
lua_abi = "5.4"
target = "aarch64-macos"
constellation = "default"
source_kind = "runtime"
resolver = "moonstone"

[[realization]]
realization_hash = "b3:b3c4fe4e9f5619a90a2325048d7f0366465d76005249f1d814cb1d76e2d87e2b"
name = "moonstone/clingy"
version = "0.7.0"
kind = "bin"
source_hash = "b3:95a66847f91ac6ffc233f25abcd2330f48e69cc1540699ea1c836f75bc1d28eb"
recipe_hash = "b3:2b9c3be19893cd63b26d23b3b792ae600910d0214430ff14ba91cacaa10306b0"
artifact_hash = "b3:95a66847f91ac6ffc233f25abcd2330f48e69cc1540699ea1c836f75bc1d28eb"
replay_mode = "portable_source"
runtime = "5.4"
lua_abi = "5.4"
target = "aarch64-macos"
constellation = "default"
source = "https://github.com/moonstone-sh/clingy/releases/download/v0.7.0/clingy-0.7.0-any.tar.gz"
source_kind = "archive"
source_payload = "sources/blob.tar.gz"
resolver = "moonstone"
registry = "moonstone"
roles = ["runtime", "tool"]

[[realization]]
realization_hash = "b3:259f7789734d6f9b7601ceb22beb98b84d59c31f4a363978fc496fe7d13f409a"
name = "moonstone/valua"
version = "0.3.0"
kind = "bin"
source_hash = "b3:62ce667312941d8e07da7347bc8ec63222bab9f1fbb14af62c77b5d77f81b75f"
recipe_hash = "b3:d2e41933ad8630efc51b58105f24854c5b1334a22bcc831468478665240fb5ee"
artifact_hash = "b3:62ce667312941d8e07da7347bc8ec63222bab9f1fbb14af62c77b5d77f81b75f"
replay_mode = "portable_source"
runtime = "5.4"
lua_abi = "5.4"
target = "aarch64-macos"
constellation = "default"
source = "https://github.com/moonstone-sh/valua/releases/download/v0.3.0/valua-0.3.0-any.tar.gz"
source_kind = "archive"
source_payload = "sources/blob.tar.gz"
resolver = "store"
roles = ["runtime", "tool"]

[[realization]]
realization_hash = "b3:a09f1a5cdc1a4ef1e14b6ad14d604cbe8235a6221bcb50d34e0237397126f3d7"
name = "moonstone/luals-composer"
version = "0.2.1"
kind = "lib"
source_hash = "b3:e14498a308d9af22b9b8f01264483c3aaabf78e85297940177a9075213d97935"
recipe_hash = "b3:eb4909eecf74b68ca29465f568838135e71eab2977deef2eb58f18de0dea3c09"
artifact_hash = "b3:8e6ac84979b505377164fe4722220093311130d25d6895c1d1c6aa322e6e844f"
replay_mode = "portable_source"
runtime = "5.4"
lua_abi = ""
target = "aarch64-macos"
constellation = "default"
source = "blobs/b3/e1/44/e14498a308d9af22b9b8f01264483c3aaabf78e85297940177a9075213d97935.tar.gz"
source_kind = "command"
source_payload = "sources/blob.tar.gz"
resolver = "store"
roles = ["runtime", "tool"]

[[realization]]
realization_hash = "b3:f20a7513fce7e890554597cf63fc4d6d9418662b6472c95a187e226cfcae5d75"
name = "moonstone/alter"
version = "0.2.2"
kind = "lib"
source_hash = "b3:9185199a39bc0a53a02cd568f54123ebeffad3cca10bc9c33f1f8aaac9185f20"
recipe_hash = "b3:e511013706ff2ce52824acfae8ec1629e2914092041ed894ba6387793fb9a010"
artifact_hash = "b3:aab08713fb761266b4cdd63a69b685def9513216360e868fb5dc282d16dce07a"
replay_mode = "portable_source"
runtime = "5.4"
lua_abi = ""
target = "aarch64-macos"
constellation = "default"
source = "blobs/b3/91/85/9185199a39bc0a53a02cd568f54123ebeffad3cca10bc9c33f1f8aaac9185f20.tar.gz"
source_kind = "command"
source_payload = "sources/blob.tar.gz"
resolver = "store"
roles = ["runtime", "tool"]

[[realization]]
realization_hash = "b3:b85769d24c209982ecc3439edd32a131a9230aecc430c7d8754f3878c4d340a1"
name = "moonstone/alter-jsonc"
version = "0.2.2"
kind = "lib"
source_hash = "b3:101da5fecb683a39351dc0b6177418413e67a36f796c6acbc5b4fd1f3f580b21"
recipe_hash = "b3:33ecc44289ea1e6095f7ba0903a480d2d83cb50e5c640f42ebb3c10321489442"
artifact_hash = "b3:f39b44ed3497bd78bb8897b33c67e2f292b9a7f4cde18a85b8926f91564c794e"
replay_mode = "portable_source"
runtime = "5.4"
lua_abi = ""
target = "aarch64-macos"
constellation = "default"
source = "blobs/b3/10/1d/101da5fecb683a39351dc0b6177418413e67a36f796c6acbc5b4fd1f3f580b21.tar.gz"
source_kind = "command"
source_payload = "sources/blob.tar.gz"
resolver = "store"
roles = ["runtime", "tool"]

[[realization]]
realization_hash = "b3:3575aa2172a12f88559c43e3283348691b19fe76420e6352292318cd82b1dc90"
name = "moonstone/alter-json"
version = "0.2.2"
kind = "lib"
source_hash = "b3:adc05472c0e5f66bfb9fb0cf0f9ac3a24ed7c34a104c71c647e5f5f36b3cfe38"
recipe_hash = "b3:1371a3fc3840439a844ad72032cd6368231da5e2ac6919fad6d560a211ff42d1"
artifact_hash = "b3:8e607bd37ed1e3568b2871ae185d8dec28f7c4e5f046517e0c5f40d6ffa86569"
replay_mode = "portable_source"
runtime = "5.4"
lua_abi = ""
target = "aarch64-macos"
constellation = "default"
source = "blobs/b3/ad/c0/adc05472c0e5f66bfb9fb0cf0f9ac3a24ed7c34a104c71c647e5f5f36b3cfe38.tar.gz"
source_kind = "command"
source_payload = "sources/blob.tar.gz"
resolver = "store"
roles = ["runtime", "tool"]

[[realization]]
realization_hash = "b3:55e83aebd9dcea062348617206dbec709fcce3f565c811e7a7d92d5c4ffc5978"
name = "lua-cjson"
version = "2.1.0.10-1"
kind = "bin"
source_hash = "b3:652b9d43451a323ff0024d5826c0941f56f2cee0af83c5b9a14eda5052bc73f3"
recipe_hash = "b3:0057bd750406e43b177e62fc5234b9101b9f6173697f3afb75fae65d10b39f8d"
artifact_hash = "b3:b657c869c66ac1b9d04df561356621a9365b841a1e80057f4d5856a9cfae22d3"
replay_mode = "portable_source"
runtime = "5.4"
lua_abi = "5.4"
target = "aarch64-macos"
constellation = "default"
source = "https://luarocks.org/lua-cjson-2.1.0.10-1.src.rock"
source_kind = "luarocks_src_rock"
source_payload = "sources/lua-cjson-2.1.0.10-1.src.rock"
rockspec = "https://luarocks.org/lua-cjson-2.1.0.10-1.rockspec"
rockspec_hash = "b3:8b06325a8f958b64770579baa905bd2877a2cbce2c83be79404d6d4b164b45d5"
rockspec_payload = "sources/lua-cjson-2.1.0.10-1.rockspec"
resolver = "rocks"
roles = ["runtime"]

[[realization]]
realization_hash = "b3:56334e0add877feb05e1d07383b35fbd10ea76bb876654a9abb66e117b995bc7"
name = "etlua"
version = "1.3.0-1"
kind = "lib"
source_hash = "b3:2d48b441ec25716ff0c3e663f40219a6623ce7a3e90e4dbcfabf8d3e028576f3"
recipe_hash = "b3:81a4ca2d33712b6aebe3b0d04cab668e9e866ef9555b367ce84acac395feaa57"
artifact_hash = "b3:8d2a871a9d3363c9083b1539b9ebd1d73bcdd4ffab0157ffbe8757e4f58d9205"
replay_mode = "portable_source"
runtime = "5.4"
lua_abi = "5.4"
target = "aarch64-macos"
constellation = "default"
source = "https://luarocks.org/etlua-1.3.0-1.src.rock"
source_kind = "luarocks_src_rock"
source_payload = "sources/etlua-1.3.0-1.src.rock"
rockspec = "https://luarocks.org/etlua-1.3.0-1.rockspec"
rockspec_hash = "b3:493a586d7f61cc1fdc7962f894a5faea3760e73573080f3d5df8084b147e2592"
rockspec_payload = "sources/etlua-1.3.0-1.rockspec"
resolver = "rocks"
roles = ["runtime"]

[[realization]]
realization_hash = "b3:911ebfb08c8c49dbf73f857bbd99daa24cebe121c1ee28ec2a4964a2edfe4c02"
name = "dkjson"
version = "2.11-1"
kind = "lib"
source_hash = "b3:736026c095d0d92f41d668c8bab1c02f58902d677326cbeca0fb592092b214a3"
recipe_hash = "b3:b00a7d1b372362ea973f5f7b328a72417e2e97d7095023998f0d3afc76fa04c6"
artifact_hash = "b3:bd1bdb75d6b3abd7721a3085ec6b11a48d27f0e6d2902866b584f8646eaf0d0a"
replay_mode = "portable_source"
runtime = "5.4"
lua_abi = "5.4"
target = "aarch64-macos"
constellation = "default"
source = "https://luarocks.org/dkjson-2.11-1.src.rock"
source_kind = "luarocks_src_rock"
source_payload = "sources/dkjson-2.11-1.src.rock"
rockspec = "https://luarocks.org/dkjson-2.11-1.rockspec"
rockspec_hash = "b3:f435b6b2f3924979d1a69598935ee7de27f35dbaa5dfa6b36aeda2f5f7356c44"
rockspec_payload = "sources/dkjson-2.11-1.rockspec"
resolver = "rocks"
roles = ["tool"]

[[realization]]
realization_hash = "b3:4641a6aea1971ba49c6fb66c56849651223b494236d75858a6c6cb80e292e026"
name = "moonstone/luajit"
version = "2.1.1783773675"
kind = "runtime"
source_hash = "b3:85bc1987eba4b1e4e43f72308ee52de722d1eda06f4699e096b00e6ac609fa6e"
recipe_hash = "b3:9e05f68532d837a4d7d09c76b44e9d9de6fc4c48853a74a69997be7dd1bcd588"
artifact_hash = "b3:60ecec4fc4cb216c19e9fe3060eb5b9761c6dd8eb7fe4ea5f778486f59082b8f"
replay_mode = "portable_source"
runtime = "5.4"
lua_abi = "lua51"
target = "aarch64-macos"
constellation = "default"
source = "blobs/b3/60/ec/60ecec4fc4cb216c19e9fe3060eb5b9761c6dd8eb7fe4ea5f778486f59082b8f.tar.zst"
source_kind = "archive"
source_payload = "sources/blob.tar.zst"
source_url = "blobs/b3/85/bc/85bc1987eba4b1e4e43f72308ee52de722d1eda06f4699e096b00e6ac609fa6e.tar.gz"
resolver = "moonstone"
registry = "moonstone"

[[realization]]
realization_hash = "b3:3cdd7643e03e6a61b2038433657c408e926b732f76e0be4d2b71423704fb0495"
name = "moonstone/ballad"
version = "0.4.2"
kind = "bin"
source_hash = "b3:426cba336e426039253511e1732ed542748af265857378bd8d561e39ef08440a"
recipe_hash = "b3:b8dfc9e0b7b69affc5adf1d77feb9c1577ef43159ba74f512d046eaee66412bb"
artifact_hash = "b3:426cba336e426039253511e1732ed542748af265857378bd8d561e39ef08440a"
replay_mode = "portable_source"
runtime = "5.4"
lua_abi = "5.1"
target = "aarch64-macos"
constellation = "default"
source = "https://github.com/moonstone-sh/ballad/releases/download/v0.4.2/ballad-0.4.2-any.tar.gz"
source_kind = "archive"
source_payload = "sources/blob.tar.gz"
resolver = "moonstone"
registry = "moonstone"
roles = ["tool"]

[[profile]]
id = "aarch64-macos+moonstone/lua+5.4"
target = "aarch64-macos"
runtime = "moonstone/lua"
lua_abi = "5.4"
packages = [{ name = "moonstone/lua", version = "5.4.9", realization_hash = "b3:9d00185b40021ec3ff5b46a9cf7c3b7b918f3b83ed4aa1d52f1d056088c0a9c6" }, { name = "moonstone/clingy", version = "0.7.0", realization_hash = "b3:b3c4fe4e9f5619a90a2325048d7f0366465d76005249f1d814cb1d76e2d87e2b" }, { name = "moonstone/valua", version = "0.3.0", realization_hash = "b3:259f7789734d6f9b7601ceb22beb98b84d59c31f4a363978fc496fe7d13f409a" }, { name = "moonstone/luals-composer", version = "0.2.1", realization_hash = "b3:a09f1a5cdc1a4ef1e14b6ad14d604cbe8235a6221bcb50d34e0237397126f3d7" }, { name = "moonstone/alter", version = "0.2.2", realization_hash = "b3:f20a7513fce7e890554597cf63fc4d6d9418662b6472c95a187e226cfcae5d75" }, { name = "moonstone/alter-jsonc", version = "0.2.2", realization_hash = "b3:b85769d24c209982ecc3439edd32a131a9230aecc430c7d8754f3878c4d340a1" }, { name = "moonstone/alter-json", version = "0.2.2", realization_hash = "b3:3575aa2172a12f88559c43e3283348691b19fe76420e6352292318cd82b1dc90" }, { name = "lua-cjson", version = "2.1.0.10-1", realization_hash = "b3:55e83aebd9dcea062348617206dbec709fcce3f565c811e7a7d92d5c4ffc5978" }, { name = "etlua", version = "1.3.0-1", realization_hash = "b3:56334e0add877feb05e1d07383b35fbd10ea76bb876654a9abb66e117b995bc7" }, { name = "moonstone/ballad", version = "0.4.2", realization_hash = "b3:3cdd7643e03e6a61b2038433657c408e926b732f76e0be4d2b71423704fb0495" }, { name = "dkjson", version = "2.11-1", realization_hash = "b3:911ebfb08c8c49dbf73f857bbd99daa24cebe121c1ee28ec2a4964a2edfe4c02" }, { name = "moonstone/luajit", version = "2.1.1783773675", realization_hash = "b3:4641a6aea1971ba49c6fb66c56849651223b494236d75858a6c6cb80e292e026" }]
edges = []
