lockfile_version = 3

[[realization]]
realization_hash = "b3:cbece8b34ad19af1f6a216582adb4b2547725d234708601c6d3b78e8cee02772"
name = "moonstone/lua"
version = "5.4.7"
kind = "runtime"
recipe_hash = "b3:c54cebb26a23552ab3ce13eb1fadef7a8fee8133bd1be4d5f4d900aab59afce0"
artifact_hash = "b3:c93068e49db579e7b12639eed8bd5706aa84a997601ff776d8a4e7ef8d163077"
replay_mode = "artifact_only"
runtime = "moonstone/lua"
lua_abi = "5.4"
target = "aarch64-macos"
constellation = "default"
source_kind = "runtime"
resolver = "moonstone"

[[realization]]
realization_hash = "b3:f28b3db971b07cfe35bc6dc4643f2e5e37bf12063350344a37697f620fe26a4c"
name = "LuaSQL-SQLite3"
version = "2.8.0-1"
kind = "lib"
source_hash = "b3:e9b180f15e2b5738df47a32ad78ef905333e1114a17c726a0d3078cddf8bc342"
recipe_hash = "b3:0d6e60bb01c19f7c2fbbd9126181ee9da59ad72d858f46d10db46cdc3e62ff5c"
artifact_hash = "b3:3832462b5b82db070069aef7cc40b41b0aa38b944e0c470024eb1e2baf94b30f"
replay_mode = "portable_source"
runtime = "5.4"
lua_abi = "5.4"
target = "aarch64-macos"
constellation = "default"
source = "https://luarocks.org/luasql-sqlite3-2.8.0-1.src.rock"
source_kind = "luarocks_src_rock"
source_payload = "sources/luasql-sqlite3-2.8.0-1.src.rock"
rockspec = "https://luarocks.org/luasql-sqlite3-2.8.0-1.rockspec"
rockspec_hash = "b3:5c78326f7f0306d100d88fc7f99dec6d65027a8e54694adcd2941f38824391f9"
rockspec_payload = "sources/luasql-sqlite3-2.8.0-1.rockspec"
resolver = "rocks"
registry = "rocks"

[[realization]]
realization_hash = "b3:b4b308540493ad6c19b6055aadc0469c7fe09df9a35186ce1a15438d3b6f5a30"
name = "lua-cjson"
version = "2.1.0-1"
kind = "bin"
source_hash = "b3:1fc27f12350d9d52a04a506c90a2710e904b1b3ca0f6d60a45bd7ff71c766e56"
recipe_hash = "b3:0a025403f72c05c53611decfbc0c2e0f66c2ea113fd59f3909ab3c51afaaed71"
artifact_hash = "b3:6ae6f3b32a9e0c5e49413f0abd3da14860f93c015d3a2ab46f8747e0249f7e98"
replay_mode = "portable_source"
runtime = "5.4"
lua_abi = "5.4"
target = "aarch64-macos"
constellation = "default"
source = "https://luarocks.org/lua-cjson-2.1.0-1.src.rock"
source_kind = "luarocks_src_rock"
source_payload = "sources/lua-cjson-2.1.0-1.src.rock"
rockspec = "https://luarocks.org/lua-cjson-2.1.0-1.rockspec"
rockspec_hash = "b3:aa2b302205b3a4e9c4192f5b5d4307e1a660978356ff805a98cca567b951c5c9"
rockspec_payload = "sources/lua-cjson-2.1.0-1.rockspec"
resolver = "rocks"
roles = ["runtime"]

[[realization]]
realization_hash = "b3:50b15f1747d2b6f364edad52497313a24bb7aa881c130473781403b024f73040"
name = "etlua"
version = "1.3.0-1"
kind = "lib"
source_hash = "b3:2d48b441ec25716ff0c3e663f40219a6623ce7a3e90e4dbcfabf8d3e028576f3"
recipe_hash = "b3:5525c5ce8f7afe420af725a26759826a2ad24722e00e052cd81d2137cd500dde"
artifact_hash = "b3:8d2a871a9d3363c9083b1539b9ebd1d73bcdd4ffab0157ffbe8757e4f58d9205"
replay_mode = "portable_source"
runtime = "5.4"
lua_abi = "5.4"
target = "aarch64-macos"
constellation = "default"
source = "https://luarocks.org/etlua-1.3.0-1.src.rock"
source_kind = "luarocks_src_rock"
source_payload = "sources/etlua-1.3.0-1.src.rock"
rockspec = "https://luarocks.org/etlua-1.3.0-1.rockspec"
rockspec_hash = "b3:493a586d7f61cc1fdc7962f894a5faea3760e73573080f3d5df8084b147e2592"
rockspec_payload = "sources/etlua-1.3.0-1.rockspec"
resolver = "rocks"
roles = ["runtime"]

[[realization]]
realization_hash = "b3:87fbcb69fd287fc06f6071137c7abe03ad3044b7852d4e280a14b6a4218f1185"
name = "moonstone/ballad"
version = "0.3.0"
kind = "bin"
source_hash = "b3:f1537536f67da2030219d60de64b9ed3f456429de3f0ecb15e7253880d2e01f2"
recipe_hash = "b3:1da91cf0e2c6843ee79c21b79d3243aa8912920fb3ce23d240777abdc9104710"
artifact_hash = "b3:f1537536f67da2030219d60de64b9ed3f456429de3f0ecb15e7253880d2e01f2"
replay_mode = "artifact_only"
runtime = "5.4"
lua_abi = "5.1"
target = "aarch64-macos"
constellation = "default"
source = "https://github.com/moonstone-sh/ballad/releases/download/v0.3.0/ballad-0.3.0-any.tar.gz"
source_kind = "bin"
source_payload = "sources/blob.tar.gz"
resolver = "moonstone"
registry = "moonstone"
roles = ["tool"]

[[realization]]
realization_hash = "b3:b20716a4f44fb71859e329978d3012b62dfbc1a0a2d93441636a4d2a33c61be5"
name = "moonstone/luajit"
version = "2.1.0"
kind = "runtime"
source_hash = "b3:eb0e3baf280c1ae61596f94c85159d83b2ff99d0a2b8573a2605687ac1156b40"
recipe_hash = "b3:f0d64b5107def3bee5a8cb5c28578995ee6516bd4d1485fb979c4261ba81e7c1"
artifact_hash = "b3:f4d32a967447c8d87a709c01fa5229748de4054e51dfa073e0ad1e61c2683bbf"
replay_mode = "artifact_only"
runtime = "5.4"
lua_abi = "lua51"
target = "aarch64-macos"
constellation = "default"
source = "blobs/b3/f4/d3/f4d32a967447c8d87a709c01fa5229748de4054e51dfa073e0ad1e61c2683bbf.tar.zst"
source_kind = "runtime"
source_payload = "sources/blob.tar.zst"
source_url = "blobs/b3/eb/0e/eb0e3baf280c1ae61596f94c85159d83b2ff99d0a2b8573a2605687ac1156b40.tar.gz"
resolver = "moonstone"
registry = "moonstone"

[[realization]]
realization_hash = "b3:b7fcbf3ca6bb31ed6d65f3657da7ab3ef7b8e154d09745acccfbed8ca547003f"
name = "dkjson"
version = "2.11-1"
kind = "lib"
source_hash = "b3:736026c095d0d92f41d668c8bab1c02f58902d677326cbeca0fb592092b214a3"
recipe_hash = "b3:4ea373890e07a8437000ff8cc95ce1ac2c2e6db3676153eb5846fdab1db4780b"
artifact_hash = "b3:bd1bdb75d6b3abd7721a3085ec6b11a48d27f0e6d2902866b584f8646eaf0d0a"
replay_mode = "portable_source"
runtime = "5.4"
lua_abi = "5.4"
target = "aarch64-macos"
constellation = "default"
source = "https://luarocks.org/dkjson-2.11-1.src.rock"
source_kind = "luarocks_src_rock"
source_payload = "sources/dkjson-2.11-1.src.rock"
rockspec = "https://luarocks.org/dkjson-2.11-1.rockspec"
rockspec_hash = "b3:f435b6b2f3924979d1a69598935ee7de27f35dbaa5dfa6b36aeda2f5f7356c44"
rockspec_payload = "sources/dkjson-2.11-1.rockspec"
resolver = "rocks"
roles = ["tool"]

[[profile]]
id = "aarch64-macos+moonstone/lua+5.4"
target = "aarch64-macos"
runtime = "moonstone/lua"
lua_abi = "5.4"
packages = [{ name = "moonstone/lua", version = "5.4.7", realization_hash = "b3:cbece8b34ad19af1f6a216582adb4b2547725d234708601c6d3b78e8cee02772" }, { name = "LuaSQL-SQLite3", version = "2.8.0-1", realization_hash = "b3:f28b3db971b07cfe35bc6dc4643f2e5e37bf12063350344a37697f620fe26a4c" }, { name = "lua-cjson", version = "2.1.0-1", realization_hash = "b3:b4b308540493ad6c19b6055aadc0469c7fe09df9a35186ce1a15438d3b6f5a30" }, { name = "etlua", version = "1.3.0-1", realization_hash = "b3:50b15f1747d2b6f364edad52497313a24bb7aa881c130473781403b024f73040" }, { name = "moonstone/ballad", version = "0.3.0", realization_hash = "b3:87fbcb69fd287fc06f6071137c7abe03ad3044b7852d4e280a14b6a4218f1185" }, { name = "moonstone/luajit", version = "2.1.0", realization_hash = "b3:b20716a4f44fb71859e329978d3012b62dfbc1a0a2d93441636a4d2a33c61be5" }, { name = "dkjson", version = "2.11-1", realization_hash = "b3:b7fcbf3ca6bb31ed6d65f3657da7ab3ef7b8e154d09745acccfbed8ca547003f" }]
edges = []
