[[package]]
name = "etlua"
version = "1.3.0-1"
kind = "lib"
source_hash = "b3:2d48b441ec25716ff0c3e663f40219a6623ce7a3e90e4dbcfabf8d3e028576f3"
recipe_hash = "b3:12354758c3966edee67d278eaf1c823633965b9f7be04eecf1e95298954642e4"
artifact_hash = "b3:277ef06fedf514826749577547a138cdd2e60c0e39484b681199a18c8df43f97"
runtime = "5.1"
lua_abi = "5.1"
target = "native"
constellation = "default"
source = "https://luarocks.org/etlua-1.3.0-1.src.rock"
source_kind = "luarocks_src_rock"
source_payload = "sources/etlua-1.3.0-1.src.rock"
rockspec = "https://luarocks.org/etlua-1.3.0-1.rockspec"
rockspec_hash = "b3:493a586d7f61cc1fdc7962f894a5faea3760e73573080f3d5df8084b147e2592"
rockspec_payload = "sources/etlua-1.3.0-1.rockspec"
resolver = "store"
roles = ["runtime"]

[[package]]
name = "LuaSQL-SQLite3"
version = "2.8.0-1"
kind = "lib"
source_hash = "b3:e9b180f15e2b5738df47a32ad78ef905333e1114a17c726a0d3078cddf8bc342"
recipe_hash = "b3:b92087955e91bd752ea75bdcbc613ea62c196dfd1ea9adc4d7d0179d431a4aec"
artifact_hash = "b3:1c1a48c94ba2226772080a97768d322f22ebef933b0e61b4310794ad7890baf5"
runtime = "5.1"
lua_abi = "5.1"
target = "native"
constellation = "default"
source = "https://luarocks.org/luasql-sqlite3-2.8.0-1.src.rock"
source_kind = "luarocks_src_rock"
source_payload = "sources/luasql-sqlite3-2.8.0-1.src.rock"
rockspec = "https://luarocks.org/luasql-sqlite3-2.8.0-1.rockspec"
rockspec_hash = "b3:5c78326f7f0306d100d88fc7f99dec6d65027a8e54694adcd2941f38824391f9"
rockspec_payload = "sources/luasql-sqlite3-2.8.0-1.rockspec"
resolver = "store"

[[package]]
name = "lua-cjson"
version = "2.1.0-1"
kind = "bin"
source_hash = "b3:1fc27f12350d9d52a04a506c90a2710e904b1b3ca0f6d60a45bd7ff71c766e56"
recipe_hash = "b3:13c3156e321ca11ae5da17c079260421930025278ec303488bb22239998501b9"
artifact_hash = "b3:1a57453101e676950975ff3c29d57c4bdc682200bc49e159e9ef929e4f2457b2"
runtime = "5.1"
lua_abi = "5.1"
target = "native"
constellation = "default"
source = "https://luarocks.org/lua-cjson-2.1.0-1.src.rock"
source_kind = "luarocks_src_rock"
source_payload = "sources/lua-cjson-2.1.0-1.src.rock"
rockspec = "https://luarocks.org/lua-cjson-2.1.0-1.rockspec"
rockspec_hash = "b3:aa2b302205b3a4e9c4192f5b5d4307e1a660978356ff805a98cca567b951c5c9"
rockspec_payload = "sources/lua-cjson-2.1.0-1.rockspec"
resolver = "store"
roles = ["runtime"]
