[[package]]
name = "LuaSQL-SQLite3"
version = "2.8.0-1"
kind = "lib"
source_hash = "b3:e9b180f15e2b5738df47a32ad78ef905333e1114a17c726a0d3078cddf8bc342"
recipe_hash = "b3:6e6540027ac51c51cf01e6102f15a9ce180d29d147cf5b5c4a701036fd26d274"
artifact_hash = "b3:f59160da8e24fe9f0dfe3868a1e7c5f0cad550f46899357006b2bb4bfaa9da6a"
runtime = "5.1"
lua_abi = "5.1"
target = "native"
constellation = "default"
source = "https://luarocks.org/luasql-sqlite3-2.8.0-1.src.rock"
source_kind = "luarocks_src_rock"
source_payload = "sources/luasql-sqlite3-2.8.0-1.src.rock"
rockspec = "https://luarocks.org/luasql-sqlite3-2.8.0-1.rockspec"
rockspec_hash = "b3:5c78326f7f0306d100d88fc7f99dec6d65027a8e54694adcd2941f38824391f9"
rockspec_payload = "sources/luasql-sqlite3-2.8.0-1.rockspec"
resolver = "rocks"

[[package]]
name = "etlua"
version = "1.3.0-1"
kind = "lib"
source_hash = "b3:2d48b441ec25716ff0c3e663f40219a6623ce7a3e90e4dbcfabf8d3e028576f3"
recipe_hash = "b3:4ed1352307d122c43956cdfca0d2f402e56cacb21d81d08345aeba02ef62785b"
artifact_hash = "b3:277ef06fedf514826749577547a138cdd2e60c0e39484b681199a18c8df43f97"
runtime = "5.1"
lua_abi = "5.1"
target = "native"
constellation = "default"
source = "https://luarocks.org/etlua-1.3.0-1.src.rock"
source_kind = "luarocks_src_rock"
source_payload = "sources/etlua-1.3.0-1.src.rock"
rockspec = "https://luarocks.org/etlua-1.3.0-1.rockspec"
rockspec_hash = "b3:493a586d7f61cc1fdc7962f894a5faea3760e73573080f3d5df8084b147e2592"
rockspec_payload = "sources/etlua-1.3.0-1.rockspec"
resolver = "rocks"
roles = ["runtime"]

[[package]]
name = "lua-cjson"
version = "2.1.0.9-1"
kind = "bin"
source_hash = "b3:76c0a7fa2755e3deb0d3d353b6a114a2e8c04c21a325f73f2d5c3fac0812abb6"
recipe_hash = "b3:7b8e3f189ad0677489ea72cf0ed896818953b6d04c35c8f61e743cc35acc73c2"
artifact_hash = "b3:7dcbddd47e668de7a27cf93438b01520d253027518761a594c6559225efd597b"
runtime = "5.1"
lua_abi = "5.1"
target = "native"
constellation = "default"
source = "https://luarocks.org/lua-cjson-2.1.0.9-1.src.rock"
source_kind = "luarocks_src_rock"
source_payload = "sources/lua-cjson-2.1.0.9-1.src.rock"
rockspec = "https://luarocks.org/lua-cjson-2.1.0.9-1.rockspec"
rockspec_hash = "b3:dcec38732360f9bb591887f3eec9f9a3431f3a5e35ee89abf205228593942440"
rockspec_payload = "sources/lua-cjson-2.1.0.9-1.rockspec"
resolver = "rocks"
roles = ["runtime"]
