{
  "lockfileVersion": 1,
  "configVersion": 1,
  "workspaces": {
    "": {
      "name": "meteorite-bench-hono",
      "dependencies": {
        "@hono/node-server": "latest",
        "hono": "latest",
      },
    },
  },
  "packages": {
    "@hono/node-server": ["@hono/node-server@2.0.5", "", { "peerDependencies": { "hono": "^4" } }, "sha512-yQFvDmyDo3y6rEOJZDUYPJ49DIKTPpIk4kGvm40xx4Ejne0Pu9a1+exxPN+C1UppWK/WGZX9F++/Xs231tE86g=="],

    "hono": ["hono@4.12.26", "", {}, "sha512-uyZtpnYxM9CmQ7QsQknM4zN8EftNqhON1qYeIKM0Se67CCEe2c44xyGURwB0axX2fBDu1dqHrHAc1hmNT8ITkw=="],
  }
}
